
Microsoft Visual Studio Solution File, Format Version 12.00
# Visual Studio Version 17
VisualStudioVersion = 17.3.32929.385
MinimumVisualStudioVersion = 10.0.40219.1
Project("{FAE04EC0-301F-11D3-BF4B-00C04F79EFBC}") = "DIPLOMandronov", "DIPLOMandronov\DIPLOMandronov.csproj", "{DE012210-ABD1-4B2B-B3A2-B875D6CEC91E}"
EndProject
Project("{2150E333-8FDC-42A3-9474-1A3956D46DE8}") = "Элементы решения", "Элементы решения", "{FF2AAB5D-7622-46AD-B5BF-4383F55CD83D}"
	ProjectSection(SolutionItems) = preProject
		UserSFile.cs = UserSFile.cs
	EndProjectSection
EndProject
Global
	GlobalSection(SolutionConfigurationPlatforms) = preSolution
		Debug|Any CPU = Debug|Any CPU
		Release|Any CPU = Release|Any CPU
	EndGlobalSection
	GlobalSection(ProjectConfigurationPlatforms) = postSolution
		{DE012210-ABD1-4B2B-B3A2-B875D6CEC91E}.Debug|Any CPU.ActiveCfg = Debug|Any CPU
		{DE012210-ABD1-4B2B-B3A2-B875D6CEC91E}.Debug|Any CPU.Build.0 = Debug|Any CPU
		{DE012210-ABD1-4B2B-B3A2-B875D6CEC91E}.Release|Any CPU.ActiveCfg = Release|Any CPU
		{DE012210-ABD1-4B2B-B3A2-B875D6CEC91E}.Release|Any CPU.Build.0 = Release|Any CPU
	EndGlobalSection
	GlobalSection(SolutionProperties) = preSolution
		HideSolutionNode = FALSE
	EndGlobalSection
	GlobalSection(ExtensibilityGlobals) = postSolution
		SolutionGuid = {7FC00E8A-64D4-417F-B409-C4B8C544095D}
	EndGlobalSection
EndGlobal
